
Microsoft Visual Studio Solution File, Format Version 12.00
# Visual Studio Version 17
VisualStudioVersion = 17.5.002.0
MinimumVisualStudioVersion = 10.0.40219.1
Project("{2150E333-8FDC-42A3-9474-1A3956D46DE8}") = "csharp-prep", "csharp-prep", "{98B48564-B74A-4531-91AC-0479655CB985}"
EndProject
Project("{9A19103F-16F7-4668-BE54-9A1E7A4F7556}") = "Prep1", "csharp-prep\Prep1\Prep1.csproj", "{AB642BB9-51A7-4F69-86A3-C1A79767E1C1}"
EndProject
Project("{9A19103F-16F7-4668-BE54-9A1E7A4F7556}") = "Prep2", "csharp-prep\Prep2\Prep2.csproj", "{513FF9D4-BAF6-440B-9833-7904FE01462E}"
EndProject
Project("{9A19103F-16F7-4668-BE54-9A1E7A4F7556}") = "Prep3", "csharp-prep\Prep3\Prep3.csproj", "{64095631-8FA3-4A6A-BD5A-8BCF6A49C395}"
EndProject
Project("{9A19103F-16F7-4668-BE54-9A1E7A4F7556}") = "Prep4", "csharp-prep\Prep4\Prep4.csproj", "{0AD6E7AF-48B4-4208-8F5F-AAEEAFE1FD20}"
EndProject
Project("{9A19103F-16F7-4668-BE54-9A1E7A4F7556}") = "Prep5", "csharp-prep\Prep5\Prep5.csproj", "{C6CB1EA9-771D-4C92-9C70-6D7CED8B2E18}"
EndProject
Project("{2150E333-8FDC-42A3-9474-1A3956D46DE8}") = "final", "final", "{34B7C2E9-E8C5-40C0-B580-AEF2F3A20785}"
EndProject
Project("{9A19103F-16F7-4668-BE54-9A1E7A4F7556}") = "FinalProject", "final\FinalProject\FinalProject.csproj", "{B5AFD820-7952-4760-B93D-48FC078B2612}"
EndProject
Project("{9A19103F-16F7-4668-BE54-9A1E7A4F7556}") = "Foundation1", "final\Foundation1\Foundation1.csproj", "{9456292D-5B1F-44F5-8652-0ECCF9519777}"
EndProject
Project("{9A19103F-16F7-4668-BE54-9A1E7A4F7556}") = "Foundation2", "final\Foundation2\Foundation2.csproj", "{1CA75001-6B2E-4C84-A0C8-ABC557A29864}"
EndProject
Project("{9A19103F-16F7-4668-BE54-9A1E7A4F7556}") = "Foundation3", "final\Foundation3\Foundation3.csproj", "{36F5AEAA-AE8E-4261-9EE0-70AB7DED93E4}"
EndProject
Project("{9A19103F-16F7-4668-BE54-9A1E7A4F7556}") = "Foundation4", "final\Foundation4\Foundation4.csproj", "{53EB5467-E19B-495B-8C57-3197E29D02F7}"
EndProject
Project("{2150E333-8FDC-42A3-9474-1A3956D46DE8}") = "prepare", "prepare", "{D2390749-B438-4821-898B-2CCD43787D1E}"
EndProject
Project("{9A19103F-16F7-4668-BE54-9A1E7A4F7556}") = "Learning02", "prepare\Learning02\Learning02.csproj", "{EBF7D86F-E56B-455A-A3DD-8D743983487B}"
EndProject
Project("{9A19103F-16F7-4668-BE54-9A1E7A4F7556}") = "Learning03", "prepare\Learning03\Learning03.csproj", "{B8F0877A-B8A2-4535-A521-65725A30027B}"
EndProject
Project("{9A19103F-16F7-4668-BE54-9A1E7A4F7556}") = "Learning04", "prepare\Learning04\Learning04.csproj", "{F22831D1-2155-4BE7-B1DA-62B11FFCDA96}"
EndProject
Project("{9A19103F-16F7-4668-BE54-9A1E7A4F7556}") = "Learning05", "prepare\Learning05\Learning05.csproj", "{6E5A71CE-AD2A-4B95-8A1A-DE64F2E70933}"
EndProject
Project("{2150E333-8FDC-42A3-9474-1A3956D46DE8}") = "prove", "prove", "{A7B3A7BC-7D90-40E3-8351-0F88E13C6E07}"
EndProject
Project("{9A19103F-16F7-4668-BE54-9A1E7A4F7556}") = "Develop02", "prove\Develop02\Develop02.csproj", "{5F2A2CA1-B090-4A9D-BB35-408821422024}"
EndProject
Project("{9A19103F-16F7-4668-BE54-9A1E7A4F7556}") = "Develop03", "prove\Develop03\Develop03.csproj", "{9B9DE5CE-6101-4A34-9C1B-0726134E65C6}"
EndProject
Project("{9A19103F-16F7-4668-BE54-9A1E7A4F7556}") = "Develop04", "prove\Develop04\Develop04.csproj", "{4697F92A-D627-4E71-BE50-CDCF0EEA488E}"
EndProject
Project("{9A19103F-16F7-4668-BE54-9A1E7A4F7556}") = "Develop05", "prove\Develop05\Develop05.csproj", "{7C6559BF-E718-448C-986B-731C6A0E5199}"
EndProject
Project("{2150E333-8FDC-42A3-9474-1A3956D46DE8}") = "sandbox", "sandbox", "{E2B89EB4-363C-4EC1-B33A-849E3E430E0E}"
EndProject
Project("{9A19103F-16F7-4668-BE54-9A1E7A4F7556}") = "Sandbox", "sandbox\Sandbox\Sandbox.csproj", "{25ACF7EA-C570-468F-AD92-D70424023459}"
EndProject
Global
	GlobalSection(SolutionConfigurationPlatforms) = preSolution
		Debug|Any CPU = Debug|Any CPU
		Release|Any CPU = Release|Any CPU
	EndGlobalSection
	GlobalSection(ProjectConfigurationPlatforms) = postSolution
		{AB642BB9-51A7-4F69-86A3-C1A79767E1C1}.Debug|Any CPU.ActiveCfg = Debug|Any CPU
		{AB642BB9-51A7-4F69-86A3-C1A79767E1C1}.Debug|Any CPU.Build.0 = Debug|Any CPU
		{AB642BB9-51A7-4F69-86A3-C1A79767E1C1}.Release|Any CPU.ActiveCfg = Release|Any CPU
		{AB642BB9-51A7-4F69-86A3-C1A79767E1C1}.Release|Any CPU.Build.0 = Release|Any CPU
		{513FF9D4-BAF6-440B-9833-7904FE01462E}.Debug|Any CPU.ActiveCfg = Debug|Any CPU
		{513FF9D4-BAF6-440B-9833-7904FE01462E}.Debug|Any CPU.Build.0 = Debug|Any CPU
		{513FF9D4-BAF6-440B-9833-7904FE01462E}.Release|Any CPU.ActiveCfg = Release|Any CPU
		{513FF9D4-BAF6-440B-9833-7904FE01462E}.Release|Any CPU.Build.0 = Release|Any CPU
		{64095631-8FA3-4A6A-BD5A-8BCF6A49C395}.Debug|Any CPU.ActiveCfg = Debug|Any CPU
		{64095631-8FA3-4A6A-BD5A-8BCF6A49C395}.Debug|Any CPU.Build.0 = Debug|Any CPU
		{64095631-8FA3-4A6A-BD5A-8BCF6A49C395}.Release|Any CPU.ActiveCfg = Release|Any CPU
		{64095631-8FA3-4A6A-BD5A-8BCF6A49C395}.Release|Any CPU.Build.0 = Release|Any CPU
		{0AD6E7AF-48B4-4208-8F5F-AAEEAFE1FD20}.Debug|Any CPU.ActiveCfg = Debug|Any CPU
		{0AD6E7AF-48B4-4208-8F5F-AAEEAFE1FD20}.Debug|Any CPU.Build.0 = Debug|Any CPU
		{0AD6E7AF-48B4-4208-8F5F-AAEEAFE1FD20}.Release|Any CPU.ActiveCfg = Release|Any CPU
		{0AD6E7AF-48B4-4208-8F5F-AAEEAFE1FD20}.Release|Any CPU.Build.0 = Release|Any CPU
		{C6CB1EA9-771D-4C92-9C70-6D7CED8B2E18}.Debug|Any CPU.ActiveCfg = Debug|Any CPU
		{C6CB1EA9-771D-4C92-9C70-6D7CED8B2E18}.Debug|Any CPU.Build.0 = Debug|Any CPU
		{C6CB1EA9-771D-4C92-9C70-6D7CED8B2E18}.Release|Any CPU.ActiveCfg = Release|Any CPU
		{C6CB1EA9-771D-4C92-9C70-6D7CED8B2E18}.Release|Any CPU.Build.0 = Release|Any CPU
		{B5AFD820-7952-4760-B93D-48FC078B2612}.Debug|Any CPU.ActiveCfg = Debug|Any CPU
		{B5AFD820-7952-4760-B93D-48FC078B2612}.Debug|Any CPU.Build.0 = Debug|Any CPU
		{B5AFD820-7952-4760-B93D-48FC078B2612}.Release|Any CPU.ActiveCfg = Release|Any CPU
		{B5AFD820-7952-4760-B93D-48FC078B2612}.Release|Any CPU.Build.0 = Release|Any CPU
		{9456292D-5B1F-44F5-8652-0ECCF9519777}.Debug|Any CPU.ActiveCfg = Debug|Any CPU
		{9456292D-5B1F-44F5-8652-0ECCF9519777}.Debug|Any CPU.Build.0 = Debug|Any CPU
		{9456292D-5B1F-44F5-8652-0ECCF9519777}.Release|Any CPU.ActiveCfg = Release|Any CPU
		{9456292D-5B1F-44F5-8652-0ECCF9519777}.Release|Any CPU.Build.0 = Release|Any CPU
		{1CA75001-6B2E-4C84-A0C8-ABC557A29864}.Debug|Any CPU.ActiveCfg = Debug|Any CPU
		{1CA75001-6B2E-4C84-A0C8-ABC557A29864}.Debug|Any CPU.Build.0 = Debug|Any CPU
		{1CA75001-6B2E-4C84-A0C8-ABC557A29864}.Release|Any CPU.ActiveCfg = Release|Any CPU
		{1CA75001-6B2E-4C84-A0C8-ABC557A29864}.Release|Any CPU.Build.0 = Release|Any CPU
		{36F5AEAA-AE8E-4261-9EE0-70AB7DED93E4}.Debug|Any CPU.ActiveCfg = Debug|Any CPU
		{36F5AEAA-AE8E-4261-9EE0-70AB7DED93E4}.Debug|Any CPU.Build.0 = Debug|Any CPU
		{36F5AEAA-AE8E-4261-9EE0-70AB7DED93E4}.Release|Any CPU.ActiveCfg = Release|Any CPU
		{36F5AEAA-AE8E-4261-9EE0-70AB7DED93E4}.Release|Any CPU.Build.0 = Release|Any CPU
		{53EB5467-E19B-495B-8C57-3197E29D02F7}.Debug|Any CPU.ActiveCfg = Debug|Any CPU
		{53EB5467-E19B-495B-8C57-3197E29D02F7}.Debug|Any CPU.Build.0 = Debug|Any CPU
		{53EB5467-E19B-495B-8C57-3197E29D02F7}.Release|Any CPU.ActiveCfg = Release|Any CPU
		{53EB5467-E19B-495B-8C57-3197E29D02F7}.Release|Any CPU.Build.0 = Release|Any CPU
		{EBF7D86F-E56B-455A-A3DD-8D743983487B}.Debug|Any CPU.ActiveCfg = Debug|Any CPU
		{EBF7D86F-E56B-455A-A3DD-8D743983487B}.Debug|Any CPU.Build.0 = Debug|Any CPU
		{EBF7D86F-E56B-455A-A3DD-8D743983487B}.Release|Any CPU.ActiveCfg = Release|Any CPU
		{EBF7D86F-E56B-455A-A3DD-8D743983487B}.Release|Any CPU.Build.0 = Release|Any CPU
		{B8F0877A-B8A2-4535-A521-65725A30027B}.Debug|Any CPU.ActiveCfg = Debug|Any CPU
		{B8F0877A-B8A2-4535-A521-65725A30027B}.Debug|Any CPU.Build.0 = Debug|Any CPU
		{B8F0877A-B8A2-4535-A521-65725A30027B}.Release|Any CPU.ActiveCfg = Release|Any CPU
		{B8F0877A-B8A2-4535-A521-65725A30027B}.Release|Any CPU.Build.0 = Release|Any CPU
		{F22831D1-2155-4BE7-B1DA-62B11FFCDA96}.Debug|Any CPU.ActiveCfg = Debug|Any CPU
		{F22831D1-2155-4BE7-B1DA-62B11FFCDA96}.Debug|Any CPU.Build.0 = Debug|Any CPU
		{F22831D1-2155-4BE7-B1DA-62B11FFCDA96}.Release|Any CPU.ActiveCfg = Release|Any CPU
		{F22831D1-2155-4BE7-B1DA-62B11FFCDA96}.Release|Any CPU.Build.0 = Release|Any CPU
		{6E5A71CE-AD2A-4B95-8A1A-DE64F2E70933}.Debug|Any CPU.ActiveCfg = Debug|Any CPU
		{6E5A71CE-AD2A-4B95-8A1A-DE64F2E70933}.Debug|Any CPU.Build.0 = Debug|Any CPU
		{6E5A71CE-AD2A-4B95-8A1A-DE64F2E70933}.Release|Any CPU.ActiveCfg = Release|Any CPU
		{6E5A71CE-AD2A-4B95-8A1A-DE64F2E70933}.Release|Any CPU.Build.0 = Release|Any CPU
		{5F2A2CA1-B090-4A9D-BB35-408821422024}.Debug|Any CPU.ActiveCfg = Debug|Any CPU
		{5F2A2CA1-B090-4A9D-BB35-408821422024}.Debug|Any CPU.Build.0 = Debug|Any CPU
		{5F2A2CA1-B090-4A9D-BB35-408821422024}.Release|Any CPU.ActiveCfg = Release|Any CPU
		{5F2A2CA1-B090-4A9D-BB35-408821422024}.Release|Any CPU.Build.0 = Release|Any CPU
		{9B9DE5CE-6101-4A34-9C1B-0726134E65C6}.Debug|Any CPU.ActiveCfg = Debug|Any CPU
		{9B9DE5CE-6101-4A34-9C1B-0726134E65C6}.Debug|Any CPU.Build.0 = Debug|Any CPU
		{9B9DE5CE-6101-4A34-9C1B-0726134E65C6}.Release|Any CPU.ActiveCfg = Release|Any CPU
		{9B9DE5CE-6101-4A34-9C1B-0726134E65C6}.Release|Any CPU.Build.0 = Release|Any CPU
		{4697F92A-D627-4E71-BE50-CDCF0EEA488E}.Debug|Any CPU.ActiveCfg = Debug|Any CPU
		{4697F92A-D627-4E71-BE50-CDCF0EEA488E}.Debug|Any CPU.Build.0 = Debug|Any CPU
		{4697F92A-D627-4E71-BE50-CDCF0EEA488E}.Release|Any CPU.ActiveCfg = Release|Any CPU
		{4697F92A-D627-4E71-BE50-CDCF0EEA488E}.Release|Any CPU.Build.0 = Release|Any CPU
		{7C6559BF-E718-448C-986B-731C6A0E5199}.Debug|Any CPU.ActiveCfg = Debug|Any CPU
		{7C6559BF-E718-448C-986B-731C6A0E5199}.Debug|Any CPU.Build.0 = Debug|Any CPU
		{7C6559BF-E718-448C-986B-731C6A0E5199}.Release|Any CPU.ActiveCfg = Release|Any CPU
		{7C6559BF-E718-448C-986B-731C6A0E5199}.Release|Any CPU.Build.0 = Release|Any CPU
		{25ACF7EA-C570-468F-AD92-D70424023459}.Debug|Any CPU.ActiveCfg = Debug|Any CPU
		{25ACF7EA-C570-468F-AD92-D70424023459}.Debug|Any CPU.Build.0 = Debug|Any CPU
		{25ACF7EA-C570-468F-AD92-D70424023459}.Release|Any CPU.ActiveCfg = Release|Any CPU
		{25ACF7EA-C570-468F-AD92-D70424023459}.Release|Any CPU.Build.0 = Release|Any CPU
	EndGlobalSection
	GlobalSection(SolutionProperties) = preSolution
		HideSolutionNode = FALSE
	EndGlobalSection
	GlobalSection(NestedProjects) = preSolution
		{AB642BB9-51A7-4F69-86A3-C1A79767E1C1} = {98B48564-B74A-4531-91AC-0479655CB985}
		{513FF9D4-BAF6-440B-9833-7904FE01462E} = {98B48564-B74A-4531-91AC-0479655CB985}
		{64095631-8FA3-4A6A-BD5A-8BCF6A49C395} = {98B48564-B74A-4531-91AC-0479655CB985}
		{0AD6E7AF-48B4-4208-8F5F-AAEEAFE1FD20} = {98B48564-B74A-4531-91AC-0479655CB985}
		{C6CB1EA9-771D-4C92-9C70-6D7CED8B2E18} = {98B48564-B74A-4531-91AC-0479655CB985}
		{B5AFD820-7952-4760-B93D-48FC078B2612} = {34B7C2E9-E8C5-40C0-B580-AEF2F3A20785}
		{9456292D-5B1F-44F5-8652-0ECCF9519777} = {34B7C2E9-E8C5-40C0-B580-AEF2F3A20785}
		{1CA75001-6B2E-4C84-A0C8-ABC557A29864} = {34B7C2E9-E8C5-40C0-B580-AEF2F3A20785}
		{36F5AEAA-AE8E-4261-9EE0-70AB7DED93E4} = {34B7C2E9-E8C5-40C0-B580-AEF2F3A20785}
		{53EB5467-E19B-495B-8C57-3197E29D02F7} = {34B7C2E9-E8C5-40C0-B580-AEF2F3A20785}
		{EBF7D86F-E56B-455A-A3DD-8D743983487B} = {D2390749-B438-4821-898B-2CCD43787D1E}
		{B8F0877A-B8A2-4535-A521-65725A30027B} = {D2390749-B438-4821-898B-2CCD43787D1E}
		{F22831D1-2155-4BE7-B1DA-62B11FFCDA96} = {D2390749-B438-4821-898B-2CCD43787D1E}
		{6E5A71CE-AD2A-4B95-8A1A-DE64F2E70933} = {D2390749-B438-4821-898B-2CCD43787D1E}
		{5F2A2CA1-B090-4A9D-BB35-408821422024} = {A7B3A7BC-7D90-40E3-8351-0F88E13C6E07}
		{9B9DE5CE-6101-4A34-9C1B-0726134E65C6} = {A7B3A7BC-7D90-40E3-8351-0F88E13C6E07}
		{4697F92A-D627-4E71-BE50-CDCF0EEA488E} = {A7B3A7BC-7D90-40E3-8351-0F88E13C6E07}
		{7C6559BF-E718-448C-986B-731C6A0E5199} = {A7B3A7BC-7D90-40E3-8351-0F88E13C6E07}
		{25ACF7EA-C570-468F-AD92-D70424023459} = {E2B89EB4-363C-4EC1-B33A-849E3E430E0E}
	EndGlobalSection
	GlobalSection(ExtensibilityGlobals) = postSolution
		SolutionGuid = {70AA8C30-20BF-4291-A3EE-5621332D8670}
	EndGlobalSection
EndGlobal
